// !$*UTF8*$!
{
	archiveVersion = 1;
	classes = {
	};
	objectVersion = 55;
	objects = {

/* Begin PBXBuildFile section */
		592EFF2C280053FF00E7B58A /* Localizable.strings in Resources */ = {isa = PBXBuildFile; fileRef = 592EFF2E280053FF00E7B58A /* Localizable.strings */; };
		59FED94F27FADE19009509E9 /* AppDelegate.swift in Sources */ = {isa = PBXBuildFile; fileRef = 59FED94E27FADE19009509E9 /* AppDelegate.swift */; };
		59FED95127FADE19009509E9 /* SceneDelegate.swift in Sources */ = {isa = PBXBuildFile; fileRef = 59FED95027FADE19009509E9 /* SceneDelegate.swift */; };
		59FED95327FADE19009509E9 /* ViewController.swift in Sources */ = {isa = PBXBuildFile; fileRef = 59FED95227FADE19009509E9 /* ViewController.swift */; };
		59FED95627FADE19009509E9 /* Main.storyboard in Resources */ = {isa = PBXBuildFile; fileRef = 59FED95427FADE19009509E9 /* Main.storyboard */; };
		59FED95827FADE1B009509E9 /* Assets.xcassets in Resources */ = {isa = PBXBuildFile; fileRef = 59FED95727FADE1B009509E9 /* Assets.xcassets */; };
		59FED95B27FADE1B009509E9 /* LaunchScreen.storyboard in Resources */ = {isa = PBXBuildFile; fileRef = 59FED95927FADE1B009509E9 /* LaunchScreen.storyboard */; };
		59FED96827FAE006009509E9 /* CarbsColorMainWidgetView.swift in Sources */ = {isa = PBXBuildFile; fileRef = 59FED96727FAE006009509E9 /* CarbsColorMainWidgetView.swift */; };
		59FED96A27FAE045009509E9 /* CaloriesColorMainWidgetView.swift in Sources */ = {isa = PBXBuildFile; fileRef = 59FED96927FAE045009509E9 /* CaloriesColorMainWidgetView.swift */; };
		59FED96C27FAE064009509E9 /* CarbsWhiteMainWidgetView.swift in Sources */ = {isa = PBXBuildFile; fileRef = 59FED96B27FAE064009509E9 /* CarbsWhiteMainWidgetView.swift */; };
		59FED96E27FAE07A009509E9 /* CaloriesWhiteMainWidgetView.swift in Sources */ = {isa = PBXBuildFile; fileRef = 59FED96D27FAE07A009509E9 /* CaloriesWhiteMainWidgetView.swift */; };
		59FED97027FAE097009509E9 /* CarbsBlackMainWidgetView.swift in Sources */ = {isa = PBXBuildFile; fileRef = 59FED96F27FAE097009509E9 /* CarbsBlackMainWidgetView.swift */; };
		59FED97227FAE0A6009509E9 /* CaloriesBlackMainWidgetView.swift in Sources */ = {isa = PBXBuildFile; fileRef = 59FED97127FAE0A6009509E9 /* CaloriesBlackMainWidgetView.swift */; };
		59FED97527FB0FD4009509E9 /* GradientView.swift in Sources */ = {isa = PBXBuildFile; fileRef = 59FED97427FB0FD4009509E9 /* GradientView.swift */; };
		59FED97727FB105D009509E9 /* CircularProgressView.swift in Sources */ = {isa = PBXBuildFile; fileRef = 59FED97627FB105D009509E9 /* CircularProgressView.swift */; };
		59FED97927FC5383009509E9 /* KetoDiet.swift in Sources */ = {isa = PBXBuildFile; fileRef = 59FED97827FC5382009509E9 /* KetoDiet.swift */; };
		C824A7C0DDC6755D5FB644EF /* Pods_ColorWidgets.framework in Frameworks */ = {isa = PBXBuildFile; fileRef = 573E785ABEFBE55A27032A2B /* Pods_ColorWidgets.framework */; };
/* End PBXBuildFile section */

/* Begin PBXFileReference section */
		0D1C40BA7CCF13381C1AF453 /* Pods-ColorWidgets.debug.xcconfig */ = {isa = PBXFileReference; includeInIndex = 1; lastKnownFileType = text.xcconfig; name = "Pods-ColorWidgets.debug.xcconfig"; path = "Target Support Files/Pods-ColorWidgets/Pods-ColorWidgets.debug.xcconfig"; sourceTree = "<group>"; };
		573E785ABEFBE55A27032A2B /* Pods_ColorWidgets.framework */ = {isa = PBXFileReference; explicitFileType = wrapper.framework; includeInIndex = 0; path = Pods_ColorWidgets.framework; sourceTree = BUILT_PRODUCTS_DIR; };
		592EFF2D280053FF00E7B58A /* en */ = {isa = PBXFileReference; lastKnownFileType = text.plist.strings; name = en; path = en.lproj/Localizable.strings; sourceTree = "<group>"; };
		592EFF2F2800544400E7B58A /* ru */ = {isa = PBXFileReference; lastKnownFileType = text.plist.strings; name = ru; path = ru.lproj/Localizable.strings; sourceTree = "<group>"; };
		59FED94B27FADE19009509E9 /* ColorWidgets.app */ = {isa = PBXFileReference; explicitFileType = wrapper.application; includeInIndex = 0; path = ColorWidgets.app; sourceTree = BUILT_PRODUCTS_DIR; };
		59FED94E27FADE19009509E9 /* AppDelegate.swift */ = {isa = PBXFileReference; lastKnownFileType = sourcecode.swift; path = AppDelegate.swift; sourceTree = "<group>"; };
		59FED95027FADE19009509E9 /* SceneDelegate.swift */ = {isa = PBXFileReference; lastKnownFileType = sourcecode.swift; path = SceneDelegate.swift; sourceTree = "<group>"; };
		59FED95227FADE19009509E9 /* ViewController.swift */ = {isa = PBXFileReference; lastKnownFileType = sourcecode.swift; path = ViewController.swift; sourceTree = "<group>"; };
		59FED95527FADE19009509E9 /* Base */ = {isa = PBXFileReference; lastKnownFileType = file.storyboard; name = Base; path = Base.lproj/Main.storyboard; sourceTree = "<group>"; };
		59FED95727FADE1B009509E9 /* Assets.xcassets */ = {isa = PBXFileReference; lastKnownFileType = folder.assetcatalog; path = Assets.xcassets; sourceTree = "<group>"; };
		59FED95A27FADE1B009509E9 /* Base */ = {isa = PBXFileReference; lastKnownFileType = file.storyboard; name = Base; path = Base.lproj/LaunchScreen.storyboard; sourceTree = "<group>"; };
		59FED95C27FADE1B009509E9 /* Info.plist */ = {isa = PBXFileReference; lastKnownFileType = text.plist.xml; path = Info.plist; sourceTree = "<group>"; };
		59FED96727FAE006009509E9 /* CarbsColorMainWidgetView.swift */ = {isa = PBXFileReference; lastKnownFileType = sourcecode.swift; path = CarbsColorMainWidgetView.swift; sourceTree = "<group>"; };
		59FED96927FAE045009509E9 /* CaloriesColorMainWidgetView.swift */ = {isa = PBXFileReference; lastKnownFileType = sourcecode.swift; path = CaloriesColorMainWidgetView.swift; sourceTree = "<group>"; };
		59FED96B27FAE064009509E9 /* CarbsWhiteMainWidgetView.swift */ = {isa = PBXFileReference; lastKnownFileType = sourcecode.swift; path = CarbsWhiteMainWidgetView.swift; sourceTree = "<group>"; };
		59FED96D27FAE07A009509E9 /* CaloriesWhiteMainWidgetView.swift */ = {isa = PBXFileReference; lastKnownFileType = sourcecode.swift; path = CaloriesWhiteMainWidgetView.swift; sourceTree = "<group>"; };
		59FED96F27FAE097009509E9 /* CarbsBlackMainWidgetView.swift */ = {isa = PBXFileReference; lastKnownFileType = sourcecode.swift; path = CarbsBlackMainWidgetView.swift; sourceTree = "<group>"; };
		59FED97127FAE0A6009509E9 /* CaloriesBlackMainWidgetView.swift */ = {isa = PBXFileReference; lastKnownFileType = sourcecode.swift; path = CaloriesBlackMainWidgetView.swift; sourceTree = "<group>"; };
		59FED97427FB0FD4009509E9 /* GradientView.swift */ = {isa = PBXFileReference; lastKnownFileType = sourcecode.swift; path = GradientView.swift; sourceTree = "<group>"; };
		59FED97627FB105D009509E9 /* CircularProgressView.swift */ = {isa = PBXFileReference; lastKnownFileType = sourcecode.swift; path = CircularProgressView.swift; sourceTree = "<group>"; };
		59FED97827FC5382009509E9 /* KetoDiet.swift */ = {isa = PBXFileReference; lastKnownFileType = sourcecode.swift; path = KetoDiet.swift; sourceTree = "<group>"; };
		7432576ABF4C84871E081B4B /* Pods-ColorWidgets.release.xcconfig */ = {isa = PBXFileReference; includeInIndex = 1; lastKnownFileType = text.xcconfig; name = "Pods-ColorWidgets.release.xcconfig"; path = "Target Support Files/Pods-ColorWidgets/Pods-ColorWidgets.release.xcconfig"; sourceTree = "<group>"; };
/* End PBXFileReference section */

/* Begin PBXFrameworksBuildPhase section */
		59FED94827FADE19009509E9 /* Frameworks */ = {
			isa = PBXFrameworksBuildPhase;
			buildActionMask = 2147483647;
			files = (
				C824A7C0DDC6755D5FB644EF /* Pods_ColorWidgets.framework in Frameworks */,
			);
			runOnlyForDeploymentPostprocessing = 0;
		};
/* End PBXFrameworksBuildPhase section */

/* Begin PBXGroup section */
		592EFF292800536E00E7B58A /* Helpers */ = {
			isa = PBXGroup;
			children = (
				592EFF2E280053FF00E7B58A /* Localizable.strings */,
			);
			path = Helpers;
			sourceTree = "<group>";
		};
		59FED94227FADE19009509E9 = {
			isa = PBXGroup;
			children = (
				59FED94D27FADE19009509E9 /* ColorWidgets */,
				59FED94C27FADE19009509E9 /* Products */,
				6620F51F88F47E0C1B830416 /* Pods */,
				FDDF65BCFC6161F7414AEE36 /* Frameworks */,
			);
			sourceTree = "<group>";
		};
		59FED94C27FADE19009509E9 /* Products */ = {
			isa = PBXGroup;
			children = (
				59FED94B27FADE19009509E9 /* ColorWidgets.app */,
			);
			name = Products;
			sourceTree = "<group>";
		};
		59FED94D27FADE19009509E9 /* ColorWidgets */ = {
			isa = PBXGroup;
			children = (
				59FED97327FB0FC1009509E9 /* Views */,
				59FED96427FADEAB009509E9 /* ViewControllers */,
				592EFF292800536E00E7B58A /* Helpers */,
				59FED96627FADED9009509E9 /* Model */,
				59FED96227FADE7E009509E9 /* Storyboards */,
				59FED96327FADE97009509E9 /* SupportFiles */,
				59FED96527FADEB4009509E9 /* Resources */,
			);
			path = ColorWidgets;
			sourceTree = "<group>";
		};
		59FED96227FADE7E009509E9 /* Storyboards */ = {
			isa = PBXGroup;
			children = (
				59FED95427FADE19009509E9 /* Main.storyboard */,
				59FED95927FADE1B009509E9 /* LaunchScreen.storyboard */,
			);
			path = Storyboards;
			sourceTree = "<group>";
		};
		59FED96327FADE97009509E9 /* SupportFiles */ = {
			isa = PBXGroup;
			children = (
				59FED95027FADE19009509E9 /* SceneDelegate.swift */,
				59FED94E27FADE19009509E9 /* AppDelegate.swift */,
				59FED95C27FADE1B009509E9 /* Info.plist */,
			);
			path = SupportFiles;
			sourceTree = "<group>";
		};
		59FED96427FADEAB009509E9 /* ViewControllers */ = {
			isa = PBXGroup;
			children = (
				59FED95227FADE19009509E9 /* ViewController.swift */,
				59FED96727FAE006009509E9 /* CarbsColorMainWidgetView.swift */,
				59FED96927FAE045009509E9 /* CaloriesColorMainWidgetView.swift */,
				59FED96B27FAE064009509E9 /* CarbsWhiteMainWidgetView.swift */,
				59FED96D27FAE07A009509E9 /* CaloriesWhiteMainWidgetView.swift */,
				59FED96F27FAE097009509E9 /* CarbsBlackMainWidgetView.swift */,
				59FED97127FAE0A6009509E9 /* CaloriesBlackMainWidgetView.swift */,
			);
			path = ViewControllers;
			sourceTree = "<group>";
		};
		59FED96527FADEB4009509E9 /* Resources */ = {
			isa = PBXGroup;
			children = (
				59FED95727FADE1B009509E9 /* Assets.xcassets */,
			);
			path = Resources;
			sourceTree = "<group>";
		};
		59FED96627FADED9009509E9 /* Model */ = {
			isa = PBXGroup;
			children = (
				59FED97827FC5382009509E9 /* KetoDiet.swift */,
			);
			path = Model;
			sourceTree = "<group>";
		};
		59FED97327FB0FC1009509E9 /* Views */ = {
			isa = PBXGroup;
			children = (
				59FED97427FB0FD4009509E9 /* GradientView.swift */,
				59FED97627FB105D009509E9 /* CircularProgressView.swift */,
			);
			path = Views;
			sourceTree = "<group>";
		};
		6620F51F88F47E0C1B830416 /* Pods */ = {
			isa = PBXGroup;
			children = (
				0D1C40BA7CCF13381C1AF453 /* Pods-ColorWidgets.debug.xcconfig */,
				7432576ABF4C84871E081B4B /* Pods-ColorWidgets.release.xcconfig */,
			);
			path = Pods;
			sourceTree = "<group>";
		};
		FDDF65BCFC6161F7414AEE36 /* Frameworks */ = {
			isa = PBXGroup;
			children = (
				573E785ABEFBE55A27032A2B /* Pods_ColorWidgets.framework */,
			);
			name = Frameworks;
			sourceTree = "<group>";
		};
/* End PBXGroup section */

/* Begin PBXNativeTarget section */
		59FED94A27FADE19009509E9 /* ColorWidgets */ = {
			isa = PBXNativeTarget;
			buildConfigurationList = 59FED95F27FADE1B009509E9 /* Build configuration list for PBXNativeTarget "ColorWidgets" */;
			buildPhases = (
				391CAF0C2047BFA485E78522 /* [CP] Check Pods Manifest.lock */,
				59FED94727FADE19009509E9 /* Sources */,
				59FED94827FADE19009509E9 /* Frameworks */,
				59FED94927FADE19009509E9 /* Resources */,
				FDA1AD380FBC6CECB599F577 /* [CP] Embed Pods Frameworks */,
			);
			buildRules = (
			);
			dependencies = (
			);
			name = ColorWidgets;
			productName = ColorWidgets;
			productReference = 59FED94B27FADE19009509E9 /* ColorWidgets.app */;
			productType = "com.apple.product-type.application";
		};
/* End PBXNativeTarget section */

/* Begin PBXProject section */
		59FED94327FADE19009509E9 /* Project object */ = {
			isa = PBXProject;
			attributes = {
				BuildIndependentTargetsInParallel = 1;
				LastSwiftUpdateCheck = 1320;
				LastUpgradeCheck = 1320;
				TargetAttributes = {
					59FED94A27FADE19009509E9 = {
						CreatedOnToolsVersion = 13.2.1;
					};
				};
			};
			buildConfigurationList = 59FED94627FADE19009509E9 /* Build configuration list for PBXProject "ColorWidgets" */;
			compatibilityVersion = "Xcode 13.0";
			developmentRegion = en;
			hasScannedForEncodings = 0;
			knownRegions = (
				en,
				Base,
				ru,
			);
			mainGroup = 59FED94227FADE19009509E9;
			productRefGroup = 59FED94C27FADE19009509E9 /* Products */;
			projectDirPath = "";
			projectRoot = "";
			targets = (
				59FED94A27FADE19009509E9 /* ColorWidgets */,
			);
		};
/* End PBXProject section */

/* Begin PBXResourcesBuildPhase section */
		59FED94927FADE19009509E9 /* Resources */ = {
			isa = PBXResourcesBuildPhase;
			buildActionMask = 2147483647;
			files = (
				59FED95B27FADE1B009509E9 /* LaunchScreen.storyboard in Resources */,
				592EFF2C280053FF00E7B58A /* Localizable.strings in Resources */,
				59FED95827FADE1B009509E9 /* Assets.xcassets in Resources */,
				59FED95627FADE19009509E9 /* Main.storyboard in Resources */,
			);
			runOnlyForDeploymentPostprocessing = 0;
		};
/* End PBXResourcesBuildPhase section */

/* Begin PBXShellScriptBuildPhase section */
		391CAF0C2047BFA485E78522 /* [CP] Check Pods Manifest.lock */ = {
			isa = PBXShellScriptBuildPhase;
			buildActionMask = 2147483647;
			files = (
			);
			inputFileListPaths = (
			);
			inputPaths = (
				"${PODS_PODFILE_DIR_PATH}/Podfile.lock",
				"${PODS_ROOT}/Manifest.lock",
			);
			name = "[CP] Check Pods Manifest.lock";
			outputFileListPaths = (
			);
			outputPaths = (
				"$(DERIVED_FILE_DIR)/Pods-ColorWidgets-checkManifestLockResult.txt",
			);
			runOnlyForDeploymentPostprocessing = 0;
			shellPath = /bin/sh;
			shellScript = "diff \"${PODS_PODFILE_DIR_PATH}/Podfile.lock\" \"${PODS_ROOT}/Manifest.lock\" > /dev/null\nif [ $? != 0 ] ; then\n    # print error to STDERR\n    echo \"error: The sandbox is not in sync with the Podfile.lock. Run 'pod install' or update your CocoaPods installation.\" >&2\n    exit 1\nfi\n# This output is used by Xcode 'outputs' to avoid re-running this script phase.\necho \"SUCCESS\" > \"${SCRIPT_OUTPUT_FILE_0}\"\n";
			showEnvVarsInLog = 0;
		};
		FDA1AD380FBC6CECB599F577 /* [CP] Embed Pods Frameworks */ = {
			isa = PBXShellScriptBuildPhase;
			buildActionMask = 2147483647;
			files = (
			);
			inputFileListPaths = (
				"${PODS_ROOT}/Target Support Files/Pods-ColorWidgets/Pods-ColorWidgets-frameworks-${CONFIGURATION}-input-files.xcfilelist",
			);
			name = "[CP] Embed Pods Frameworks";
			outputFileListPaths = (
				"${PODS_ROOT}/Target Support Files/Pods-ColorWidgets/Pods-ColorWidgets-frameworks-${CONFIGURATION}-output-files.xcfilelist",
			);
			runOnlyForDeploymentPostprocessing = 0;
			shellPath = /bin/sh;
			shellScript = "\"${PODS_ROOT}/Target Support Files/Pods-ColorWidgets/Pods-ColorWidgets-frameworks.sh\"\n";
			showEnvVarsInLog = 0;
		};
/* End PBXShellScriptBuildPhase section */

/* Begin PBXSourcesBuildPhase section */
		59FED94727FADE19009509E9 /* Sources */ = {
			isa = PBXSourcesBuildPhase;
			buildActionMask = 2147483647;
			files = (
				59FED97227FAE0A6009509E9 /* CaloriesBlackMainWidgetView.swift in Sources */,
				59FED95327FADE19009509E9 /* ViewController.swift in Sources */,
				59FED97527FB0FD4009509E9 /* GradientView.swift in Sources */,
				59FED96C27FAE064009509E9 /* CarbsWhiteMainWidgetView.swift in Sources */,
				59FED94F27FADE19009509E9 /* AppDelegate.swift in Sources */,
				59FED95127FADE19009509E9 /* SceneDelegate.swift in Sources */,
				59FED96E27FAE07A009509E9 /* CaloriesWhiteMainWidgetView.swift in Sources */,
				59FED97027FAE097009509E9 /* CarbsBlackMainWidgetView.swift in Sources */,
				59FED96A27FAE045009509E9 /* CaloriesColorMainWidgetView.swift in Sources */,
				59FED96827FAE006009509E9 /* CarbsColorMainWidgetView.swift in Sources */,
				59FED97927FC5383009509E9 /* KetoDiet.swift in Sources */,
				59FED97727FB105D009509E9 /* CircularProgressView.swift in Sources */,
			);
			runOnlyForDeploymentPostprocessing = 0;
		};
/* End PBXSourcesBuildPhase section */

/* Begin PBXVariantGroup section */
		592EFF2E280053FF00E7B58A /* Localizable.strings */ = {
			isa = PBXVariantGroup;
			children = (
				592EFF2D280053FF00E7B58A /* en */,
				592EFF2F2800544400E7B58A /* ru */,
			);
			name = Localizable.strings;
			sourceTree = "<group>";
		};
		59FED95427FADE19009509E9 /* Main.storyboard */ = {
			isa = PBXVariantGroup;
			children = (
				59FED95527FADE19009509E9 /* Base */,
			);
			name = Main.storyboard;
			sourceTree = "<group>";
		};
		59FED95927FADE1B009509E9 /* LaunchScreen.storyboard */ = {
			isa = PBXVariantGroup;
			children = (
				59FED95A27FADE1B009509E9 /* Base */,
			);
			name = LaunchScreen.storyboard;
			sourceTree = "<group>";
		};
/* End PBXVariantGroup section */

/* Begin XCBuildConfiguration section */
		59FED95D27FADE1B009509E9 /* Debug */ = {
			isa = XCBuildConfiguration;
			buildSettings = {
				ALWAYS_SEARCH_USER_PATHS = NO;
				CLANG_ANALYZER_LOCALIZABILITY_NONLOCALIZED = YES;
				CLANG_ANALYZER_NONNULL = YES;
				CLANG_ANALYZER_NUMBER_OBJECT_CONVERSION = YES_AGGRESSIVE;
				CLANG_CXX_LANGUAGE_STANDARD = "gnu++17";
				CLANG_CXX_LIBRARY = "libc++";
				CLANG_ENABLE_MODULES = YES;
				CLANG_ENABLE_OBJC_ARC = YES;
				CLANG_ENABLE_OBJC_WEAK = YES;
				CLANG_WARN_BLOCK_CAPTURE_AUTORELEASING = YES;
				CLANG_WARN_BOOL_CONVERSION = YES;
				CLANG_WARN_COMMA = YES;
				CLANG_WARN_CONSTANT_CONVERSION = YES;
				CLANG_WARN_DEPRECATED_OBJC_IMPLEMENTATIONS = YES;
				CLANG_WARN_DIRECT_OBJC_ISA_USAGE = YES_ERROR;
				CLANG_WARN_DOCUMENTATION_COMMENTS = YES;
				CLANG_WARN_EMPTY_BODY = YES;
				CLANG_WARN_ENUM_CONVERSION = YES;
				CLANG_WARN_INFINITE_RECURSION = YES;
				CLANG_WARN_INT_CONVERSION = YES;
				CLANG_WARN_NON_LITERAL_NULL_CONVERSION = YES;
				CLANG_WARN_OBJC_IMPLICIT_RETAIN_SELF = YES;
				CLANG_WARN_OBJC_LITERAL_CONVERSION = YES;
				CLANG_WARN_OBJC_ROOT_CLASS = YES_ERROR;
				CLANG_WARN_QUOTED_INCLUDE_IN_FRAMEWORK_HEADER = YES;
				CLANG_WARN_RANGE_LOOP_ANALYSIS = YES;
				CLANG_WARN_STRICT_PROTOTYPES = YES;
				CLANG_WARN_SUSPICIOUS_MOVE = YES;
				CLANG_WARN_UNGUARDED_AVAILABILITY = YES_AGGRESSIVE;
				CLANG_WARN_UNREACHABLE_CODE = YES;
				CLANG_WARN__DUPLICATE_METHOD_MATCH = YES;
				COPY_PHASE_STRIP = NO;
				DEBUG_INFORMATION_FORMAT = dwarf;
				ENABLE_STRICT_OBJC_MSGSEND = YES;
				ENABLE_TESTABILITY = YES;
				GCC_C_LANGUAGE_STANDARD = gnu11;
				GCC_DYNAMIC_NO_PIC = NO;
				GCC_NO_COMMON_BLOCKS = YES;
				GCC_OPTIMIZATION_LEVEL = 0;
				GCC_PREPROCESSOR_DEFINITIONS = (
					"DEBUG=1",
					"$(inherited)",
				);
				GCC_WARN_64_TO_32_BIT_CONVERSION = YES;
				GCC_WARN_ABOUT_RETURN_TYPE = YES_ERROR;
				GCC_WARN_UNDECLARED_SELECTOR = YES;
				GCC_WARN_UNINITIALIZED_AUTOS = YES_AGGRESSIVE;
				GCC_WARN_UNUSED_FUNCTION = YES;
				GCC_WARN_UNUSED_VARIABLE = YES;
				IPHONEOS_DEPLOYMENT_TARGET = 15.2;
				MTL_ENABLE_DEBUG_INFO = INCLUDE_SOURCE;
				MTL_FAST_MATH = YES;
				ONLY_ACTIVE_ARCH = YES;
				SDKROOT = iphoneos;
				SWIFT_ACTIVE_COMPILATION_CONDITIONS = DEBUG;
				SWIFT_OPTIMIZATION_LEVEL = "-Onone";
			};
			name = Debug;
		};
		59FED95E27FADE1B009509E9 /* Release */ = {
			isa = XCBuildConfiguration;
			buildSettings = {
				ALWAYS_SEARCH_USER_PATHS = NO;
				CLANG_ANALYZER_LOCALIZABILITY_NONLOCALIZED = YES;
				CLANG_ANALYZER_NONNULL = YES;
				CLANG_ANALYZER_NUMBER_OBJECT_CONVERSION = YES_AGGRESSIVE;
				CLANG_CXX_LANGUAGE_STANDARD = "gnu++17";
				CLANG_CXX_LIBRARY = "libc++";
				CLANG_ENABLE_MODULES = YES;
				CLANG_ENABLE_OBJC_ARC = YES;
				CLANG_ENABLE_OBJC_WEAK = YES;
				CLANG_WARN_BLOCK_CAPTURE_AUTORELEASING = YES;
				CLANG_WARN_BOOL_CONVERSION = YES;
				CLANG_WARN_COMMA = YES;
				CLANG_WARN_CONSTANT_CONVERSION = YES;
				CLANG_WARN_DEPRECATED_OBJC_IMPLEMENTATIONS = YES;
				CLANG_WARN_DIRECT_OBJC_ISA_USAGE = YES_ERROR;
				CLANG_WARN_DOCUMENTATION_COMMENTS = YES;
				CLANG_WARN_EMPTY_BODY = YES;
				CLANG_WARN_ENUM_CONVERSION = YES;
				CLANG_WARN_INFINITE_RECURSION = YES;
				CLANG_WARN_INT_CONVERSION = YES;
				CLANG_WARN_NON_LITERAL_NULL_CONVERSION = YES;
				CLANG_WARN_OBJC_IMPLICIT_RETAIN_SELF = YES;
				CLANG_WARN_OBJC_LITERAL_CONVERSION = YES;
				CLANG_WARN_OBJC_ROOT_CLASS = YES_ERROR;
				CLANG_WARN_QUOTED_INCLUDE_IN_FRAMEWORK_HEADER = YES;
				CLANG_WARN_RANGE_LOOP_ANALYSIS = YES;
				CLANG_WARN_STRICT_PROTOTYPES = YES;
				CLANG_WARN_SUSPICIOUS_MOVE = YES;
				CLANG_WARN_UNGUARDED_AVAILABILITY = YES_AGGRESSIVE;
				CLANG_WARN_UNREACHABLE_CODE = YES;
				CLANG_WARN__DUPLICATE_METHOD_MATCH = YES;
				COPY_PHASE_STRIP = NO;
				DEBUG_INFORMATION_FORMAT = "dwarf-with-dsym";
				ENABLE_NS_ASSERTIONS = NO;
				ENABLE_STRICT_OBJC_MSGSEND = YES;
				GCC_C_LANGUAGE_STANDARD = gnu11;
				GCC_NO_COMMON_BLOCKS = YES;
				GCC_WARN_64_TO_32_BIT_CONVERSION = YES;
				GCC_WARN_ABOUT_RETURN_TYPE = YES_ERROR;
				GCC_WARN_UNDECLARED_SELECTOR = YES;
				GCC_WARN_UNINITIALIZED_AUTOS = YES_AGGRESSIVE;
				GCC_WARN_UNUSED_FUNCTION = YES;
				GCC_WARN_UNUSED_VARIABLE = YES;
				IPHONEOS_DEPLOYMENT_TARGET = 15.2;
				MTL_ENABLE_DEBUG_INFO = NO;
				MTL_FAST_MATH = YES;
				SDKROOT = iphoneos;
				SWIFT_COMPILATION_MODE = wholemodule;
				SWIFT_OPTIMIZATION_LEVEL = "-O";
				VALIDATE_PRODUCT = YES;
			};
			name = Release;
		};
		59FED96027FADE1B009509E9 /* Debug */ = {
			isa = XCBuildConfiguration;
			baseConfigurationReference = 0D1C40BA7CCF13381C1AF453 /* Pods-ColorWidgets.debug.xcconfig */;
			buildSettings = {
				ASSETCATALOG_COMPILER_APPICON_NAME = AppIcon;
				ASSETCATALOG_COMPILER_GLOBAL_ACCENT_COLOR_NAME = AccentColor;
				CODE_SIGN_STYLE = Automatic;
				CURRENT_PROJECT_VERSION = 1;
				DEVELOPMENT_TEAM = 4XK5S24922;
				GENERATE_INFOPLIST_FILE = YES;
				INFOPLIST_FILE = ColorWidgets/SupportFiles/Info.plist;
				INFOPLIST_KEY_UIApplicationSupportsIndirectInputEvents = YES;
				INFOPLIST_KEY_UILaunchStoryboardName = LaunchScreen;
				INFOPLIST_KEY_UIMainStoryboardFile = Main;
				INFOPLIST_KEY_UISupportedInterfaceOrientations_iPad = "UIInterfaceOrientationPortrait UIInterfaceOrientationPortraitUpsideDown UIInterfaceOrientationLandscapeLeft UIInterfaceOrientationLandscapeRight";
				INFOPLIST_KEY_UISupportedInterfaceOrientations_iPhone = "UIInterfaceOrientationPortrait UIInterfaceOrientationLandscapeLeft UIInterfaceOrientationLandscapeRight";
				LD_RUNPATH_SEARCH_PATHS = (
					"$(inherited)",
					"@executable_path/Frameworks",
				);
				MARKETING_VERSION = 1.0;
				PRODUCT_BUNDLE_IDENTIFIER = "Alexey-Kulish.ColorWidgets";
				PRODUCT_NAME = "$(TARGET_NAME)";
				SWIFT_EMIT_LOC_STRINGS = YES;
				SWIFT_VERSION = 5.0;
				TARGETED_DEVICE_FAMILY = "1,2";
			};
			name = Debug;
		};
		59FED96127FADE1B009509E9 /* Release */ = {
			isa = XCBuildConfiguration;
			baseConfigurationReference = 7432576ABF4C84871E081B4B /* Pods-ColorWidgets.release.xcconfig */;
			buildSettings = {
				ASSETCATALOG_COMPILER_APPICON_NAME = AppIcon;
				ASSETCATALOG_COMPILER_GLOBAL_ACCENT_COLOR_NAME = AccentColor;
				CODE_SIGN_STYLE = Automatic;
				CURRENT_PROJECT_VERSION = 1;
				DEVELOPMENT_TEAM = 4XK5S24922;
				GENERATE_INFOPLIST_FILE = YES;
				INFOPLIST_FILE = ColorWidgets/SupportFiles/Info.plist;
				INFOPLIST_KEY_UIApplicationSupportsIndirectInputEvents = YES;
				INFOPLIST_KEY_UILaunchStoryboardName = LaunchScreen;
				INFOPLIST_KEY_UIMainStoryboardFile = Main;
				INFOPLIST_KEY_UISupportedInterfaceOrientations_iPad = "UIInterfaceOrientationPortrait UIInterfaceOrientationPortraitUpsideDown UIInterfaceOrientationLandscapeLeft UIInterfaceOrientationLandscapeRight";
				INFOPLIST_KEY_UISupportedInterfaceOrientations_iPhone = "UIInterfaceOrientationPortrait UIInterfaceOrientationLandscapeLeft UIInterfaceOrientationLandscapeRight";
				LD_RUNPATH_SEARCH_PATHS = (
					"$(inherited)",
					"@executable_path/Frameworks",
				);
				MARKETING_VERSION = 1.0;
				PRODUCT_BUNDLE_IDENTIFIER = "Alexey-Kulish.ColorWidgets";
				PRODUCT_NAME = "$(TARGET_NAME)";
				SWIFT_EMIT_LOC_STRINGS = YES;
				SWIFT_VERSION = 5.0;
				TARGETED_DEVICE_FAMILY = "1,2";
			};
			name = Release;
		};
/* End XCBuildConfiguration section */

/* Begin XCConfigurationList section */
		59FED94627FADE19009509E9 /* Build configuration list for PBXProject "ColorWidgets" */ = {
			isa = XCConfigurationList;
			buildConfigurations = (
				59FED95D27FADE1B009509E9 /* Debug */,
				59FED95E27FADE1B009509E9 /* Release */,
			);
			defaultConfigurationIsVisible = 0;
			defaultConfigurationName = Release;
		};
		59FED95F27FADE1B009509E9 /* Build configuration list for PBXNativeTarget "ColorWidgets" */ = {
			isa = XCConfigurationList;
			buildConfigurations = (
				59FED96027FADE1B009509E9 /* Debug */,
				59FED96127FADE1B009509E9 /* Release */,
			);
			defaultConfigurationIsVisible = 0;
			defaultConfigurationName = Release;
		};
/* End XCConfigurationList section */
	};
	rootObject = 59FED94327FADE19009509E9 /* Project object */;
}
